{
  "nodes": {
    "argononed": {
      "flake": false,
      "locked": {
        "lastModified": 1729566243,
        "narHash": "sha256-DPNI0Dpk5aym3Baf5UbEe5GENDrSmmXVdriRSWE+rgk=",
        "owner": "nvmd",
        "repo": "argononed",
        "rev": "16dbee54d49b66d5654d228d1061246b440ef7cf",
        "type": "github"
      },
      "original": {
        "owner": "nvmd",
        "repo": "argononed",
        "type": "github"
      }
    },
    "dank-qml-common": {
      "flake": false,
      "locked": {
        "lastModified": 1785445867,
        "narHash": "sha256-l9IRsLIVZ7bV+KMuTdCga89tGt4lpdMXhQR7f/2qoe4=",
        "owner": "AvengeMedia",
        "repo": "dank-qml-common",
        "rev": "3b06bd9372e18bc8086cc3958d4f677d57fbfdd8",
        "type": "github"
      },
      "original": {
        "owner": "AvengeMedia",
        "repo": "dank-qml-common",
        "type": "github"
      }
    },
    "dank-qml-common_2": {
      "flake": false,
      "locked": {
        "lastModified": 1785445867,
        "narHash": "sha256-l9IRsLIVZ7bV+KMuTdCga89tGt4lpdMXhQR7f/2qoe4=",
        "owner": "AvengeMedia",
        "repo": "dank-qml-common",
        "rev": "3b06bd9372e18bc8086cc3958d4f677d57fbfdd8",
        "type": "github"
      },
      "original": {
        "owner": "AvengeMedia",
        "repo": "dank-qml-common",
        "type": "github"
      }
    },
    "disko": {
      "inputs": {
        "nixpkgs": [
          "nixpkgs"
        ]
      },
      "locked": {
        "lastModified": 1768920986,
        "narHash": "sha256-CNzzBsRhq7gg4BMBuTDObiWDH/rFYHEuDRVOwCcwXw4=",
        "owner": "nix-community",
        "repo": "disko",
        "rev": "de5708739256238fb912c62f03988815db89ec9a",
        "type": "github"
      },
      "original": {
        "owner": "nix-community",
        "ref": "latest",
        "repo": "disko",
        "type": "github"
      }
    },
    "disko-pi": {
      "inputs": {
        "nixpkgs": [
          "nixpkgs-pi"
        ]
      },
      "locked": {
        "lastModified": 1768920986,
        "narHash": "sha256-CNzzBsRhq7gg4BMBuTDObiWDH/rFYHEuDRVOwCcwXw4=",
        "owner": "nix-community",
        "repo": "disko",
        "rev": "de5708739256238fb912c62f03988815db89ec9a",
        "type": "github"
      },
      "original": {
        "owner": "nix-community",
        "ref": "latest",
        "repo": "disko",
        "type": "github"
      }
    },
    "dms": {
      "inputs": {
        "dank-qml-common": "dank-qml-common",
        "flake-compat": "flake-compat",
        "nixpkgs": [
          "nixpkgs"
        ]
      },
      "locked": {
        "lastModified": 1785648621,
        "narHash": "sha256-rjY9hNqLsMqMQZWJkPgyAlL9GEdhcgpnaf0ErwS+iFk=",
        "owner": "AvengeMedia",
        "repo": "DankMaterialShell",
        "rev": "11287459c3abc23c74de86adccb2ab0bc536e464",
        "type": "github"
      },
      "original": {
        "owner": "AvengeMedia",
        "repo": "DankMaterialShell",
        "type": "github"
      }
    },
    "dms-pi": {
      "inputs": {
        "dank-qml-common": "dank-qml-common_2",
        "flake-compat": "flake-compat_2",
        "nixpkgs": [
          "nixpkgs-pi"
        ]
      },
      "locked": {
        "lastModified": 1785648621,
        "narHash": "sha256-rjY9hNqLsMqMQZWJkPgyAlL9GEdhcgpnaf0ErwS+iFk=",
        "owner": "AvengeMedia",
        "repo": "DankMaterialShell",
        "rev": "11287459c3abc23c74de86adccb2ab0bc536e464",
        "type": "github"
      },
      "original": {
        "owner": "AvengeMedia",
        "repo": "DankMaterialShell",
        "type": "github"
      }
    },
    "flake-compat": {
      "flake": false,
      "locked": {
        "lastModified": 1767039857,
        "narHash": "sha256-vNpUSpF5Nuw8xvDLj2KCwwksIbjua2LZCqhV1LNRDns=",
        "owner": "NixOS",
        "repo": "flake-compat",
        "rev": "5edf11c44bc78a0d334f6334cdaf7d60d732daab",
        "type": "github"
      },
      "original": {
        "owner": "NixOS",
        "repo": "flake-compat",
        "type": "github"
      }
    },
    "flake-compat_2": {
      "flake": false,
      "locked": {
        "lastModified": 1767039857,
        "narHash": "sha256-vNpUSpF5Nuw8xvDLj2KCwwksIbjua2LZCqhV1LNRDns=",
        "owner": "NixOS",
        "repo": "flake-compat",
        "rev": "5edf11c44bc78a0d334f6334cdaf7d60d732daab",
        "type": "github"
      },
      "original": {
        "owner": "NixOS",
        "repo": "flake-compat",
        "type": "github"
      }
    },
    "flake-compat_3": {
      "locked": {
        "lastModified": 1767039857,
        "narHash": "sha256-vNpUSpF5Nuw8xvDLj2KCwwksIbjua2LZCqhV1LNRDns=",
        "owner": "edolstra",
        "repo": "flake-compat",
        "rev": "5edf11c44bc78a0d334f6334cdaf7d60d732daab",
        "type": "github"
      },
      "original": {
        "owner": "edolstra",
        "repo": "flake-compat",
        "type": "github"
      }
    },
    "home-manager": {
      "inputs": {
        "nixpkgs": [
          "nixpkgs"
        ]
      },
      "locked": {
        "lastModified": 1785531816,
        "narHash": "sha256-vkMnV0JIyw+g/NmcfoajlGaAO+9a0ezia+FZohQJrik=",
        "owner": "nix-community",
        "repo": "home-manager",
        "rev": "bf9ce9fec78f95f374e8dd3b503863a3ec128ebe",
        "type": "github"
      },
      "original": {
        "owner": "nix-community",
        "repo": "home-manager",
        "type": "github"
      }
    },
    "home-manager-pi": {
      "inputs": {
        "nixpkgs": [
          "nixpkgs-pi"
        ]
      },
      "locked": {
        "lastModified": 1785119570,
        "narHash": "sha256-Rgs2xKnGLFWQscxUaXX07oyZeuMDOHEbqDOsgliLFGM=",
        "owner": "nix-community",
        "repo": "home-manager",
        "rev": "d4fd24667c8cbef124bb70a20380cab75ec8474d",
        "type": "github"
      },
      "original": {
        "owner": "nix-community",
        "ref": "release-26.05",
        "repo": "home-manager",
        "type": "github"
      }
    },
    "niri": {
      "inputs": {
        "niri-stable": "niri-stable",
        "niri-unstable": "niri-unstable",
        "nixpkgs": [
          "nixpkgs"
        ],
        "nixpkgs-stable": "nixpkgs-stable",
        "xwayland-satellite-stable": "xwayland-satellite-stable",
        "xwayland-satellite-unstable": "xwayland-satellite-unstable"
      },
      "locked": {
        "lastModified": 1785610189,
        "narHash": "sha256-6m4cY11Fzv/GXrWBwC9RTrK7Kj5g2rmxrAy+cBIHnSY=",
        "owner": "sodiboo",
        "repo": "niri-flake",
        "rev": "db5a178309551a16c0ca895ec55a2592c6daf963",
        "type": "github"
      },
      "original": {
        "owner": "sodiboo",
        "repo": "niri-flake",
        "type": "github"
      }
    },
    "niri-pi": {
      "inputs": {
        "niri-stable": "niri-stable_2",
        "niri-unstable": "niri-unstable_2",
        "nixpkgs": [
          "nixpkgs-pi"
        ],
        "nixpkgs-stable": "nixpkgs-stable_2",
        "xwayland-satellite-stable": "xwayland-satellite-stable_2",
        "xwayland-satellite-unstable": "xwayland-satellite-unstable_2"
      },
      "locked": {
        "lastModified": 1785610189,
        "narHash": "sha256-6m4cY11Fzv/GXrWBwC9RTrK7Kj5g2rmxrAy+cBIHnSY=",
        "owner": "sodiboo",
        "repo": "niri-flake",
        "rev": "db5a178309551a16c0ca895ec55a2592c6daf963",
        "type": "github"
      },
      "original": {
        "owner": "sodiboo",
        "repo": "niri-flake",
        "type": "github"
      }
    },
    "niri-stable": {
      "flake": false,
      "locked": {
        "lastModified": 1756556321,
        "narHash": "sha256-RLD89dfjN0RVO86C/Mot0T7aduCygPGaYbog566F0Qo=",
        "owner": "YaLTeR",
        "repo": "niri",
        "rev": "01be0e65f4eb91a9cd624ac0b76aaeab765c7294",
        "type": "github"
      },
      "original": {
        "owner": "YaLTeR",
        "ref": "v25.08",
        "repo": "niri",
        "type": "github"
      }
    },
    "niri-stable_2": {
      "flake": false,
      "locked": {
        "lastModified": 1756556321,
        "narHash": "sha256-RLD89dfjN0RVO86C/Mot0T7aduCygPGaYbog566F0Qo=",
        "owner": "YaLTeR",
        "repo": "niri",
        "rev": "01be0e65f4eb91a9cd624ac0b76aaeab765c7294",
        "type": "github"
      },
      "original": {
        "owner": "YaLTeR",
        "ref": "v25.08",
        "repo": "niri",
        "type": "github"
      }
    },
    "niri-unstable": {
      "flake": false,
      "locked": {
        "lastModified": 1784570726,
        "narHash": "sha256-9EMn69JBcFWFgUM7f0VBAX+jBby5b9H3M59U75+5yI4=",
        "owner": "YaLTeR",
        "repo": "niri",
        "rev": "7f26c3ee804fb6ed458ef7fb0e3c794f14e0b3bc",
        "type": "github"
      },
      "original": {
        "owner": "YaLTeR",
        "repo": "niri",
        "type": "github"
      }
    },
    "niri-unstable_2": {
      "flake": false,
      "locked": {
        "lastModified": 1784570726,
        "narHash": "sha256-9EMn69JBcFWFgUM7f0VBAX+jBby5b9H3M59U75+5yI4=",
        "owner": "YaLTeR",
        "repo": "niri",
        "rev": "7f26c3ee804fb6ed458ef7fb0e3c794f14e0b3bc",
        "type": "github"
      },
      "original": {
        "owner": "YaLTeR",
        "repo": "niri",
        "type": "github"
      }
    },
    "nixos-images": {
      "inputs": {
        "nixos-stable": [
          "nixos-raspberrypi",
          "nixpkgs"
        ],
        "nixos-unstable": [
          "nixos-raspberrypi",
          "nixpkgs"
        ]
      },
      "locked": {
        "lastModified": 1747747741,
        "narHash": "sha256-LUOH27unNWbGTvZFitHonraNx0JF/55h30r9WxqrznM=",
        "owner": "nvmd",
        "repo": "nixos-images",
        "rev": "cbbd6db325775096680b65e2a32fb6187c09bbb4",
        "type": "github"
      },
      "original": {
        "owner": "nvmd",
        "ref": "sdimage-installer",
        "repo": "nixos-images",
        "type": "github"
      }
    },
    "nixos-raspberrypi": {
      "inputs": {
        "argononed": "argononed",
        "flake-compat": "flake-compat_3",
        "nixos-images": "nixos-images",
        "nixpkgs": [
          "nixpkgs-pi"
        ]
      },
      "locked": {
        "lastModified": 1785596452,
        "narHash": "sha256-KT/OleUMpSKsWgi0eTuqS/0GD4ucPQcvLgmvlw8ZuCM=",
        "owner": "nvmd",
        "repo": "nixos-raspberrypi",
        "rev": "7e39508bcf9c1da82cf11c1e22f74f9d9fd0fe10",
        "type": "github"
      },
      "original": {
        "owner": "nvmd",
        "ref": "main",
        "repo": "nixos-raspberrypi",
        "type": "github"
      }
    },
    "nixpkgs": {
      "locked": {
        "lastModified": 1785571196,
        "narHash": "sha256-KoTsyMQqnXQZq8deCEnu4QkyldkwH/bpMMhUcfMdGIw=",
        "owner": "nixos",
        "repo": "nixpkgs",
        "rev": "148bab9c1c3c53136ecb44a6ea356a0ed5b39b06",
        "type": "github"
      },
      "original": {
        "owner": "nixos",
        "ref": "nixos-unstable",
        "repo": "nixpkgs",
        "type": "github"
      }
    },
    "nixpkgs-pi": {
      "locked": {
        "lastModified": 1785491804,
        "narHash": "sha256-p00vplVOyfKGlhju0+eGGPAxyYYKaY0lpyuoHLFIx2Y=",
        "owner": "nixos",
        "repo": "nixpkgs",
        "rev": "5b4f72e1705a63aace42900610c4db82cb4af0ec",
        "type": "github"
      },
      "original": {
        "owner": "nixos",
        "ref": "nixos-26.05",
        "repo": "nixpkgs",
        "type": "github"
      }
    },
    "nixpkgs-stable": {
      "locked": {
        "lastModified": 1782847189,
        "narHash": "sha256-twXPFqFsrrY5r28Zh7Homgcp2gUMBgQ6WDS98Q/3xFI=",
        "owner": "NixOS",
        "repo": "nixpkgs",
        "rev": "b6018f87da91d19d0ab4cf979885689b469cdd41",
        "type": "github"
      },
      "original": {
        "owner": "NixOS",
        "ref": "nixos-25.11",
        "repo": "nixpkgs",
        "type": "github"
      }
    },
    "nixpkgs-stable_2": {
      "locked": {
        "lastModified": 1782847189,
        "narHash": "sha256-twXPFqFsrrY5r28Zh7Homgcp2gUMBgQ6WDS98Q/3xFI=",
        "owner": "NixOS",
        "repo": "nixpkgs",
        "rev": "b6018f87da91d19d0ab4cf979885689b469cdd41",
        "type": "github"
      },
      "original": {
        "owner": "NixOS",
        "ref": "nixos-25.11",
        "repo": "nixpkgs",
        "type": "github"
      }
    },
    "root": {
      "inputs": {
        "disko": "disko",
        "disko-pi": "disko-pi",
        "dms": "dms",
        "dms-pi": "dms-pi",
        "home-manager": "home-manager",
        "home-manager-pi": "home-manager-pi",
        "niri": "niri",
        "niri-pi": "niri-pi",
        "nixos-raspberrypi": "nixos-raspberrypi",
        "nixpkgs": "nixpkgs",
        "nixpkgs-pi": "nixpkgs-pi",
        "rust-overlay": "rust-overlay",
        "rust-overlay-pi": "rust-overlay-pi",
        "sops-nix": "sops-nix",
        "sops-nix-pi": "sops-nix-pi"
      }
    },
    "rust-overlay": {
      "inputs": {
        "nixpkgs": [
          "nixpkgs"
        ]
      },
      "locked": {
        "lastModified": 1785648791,
        "narHash": "sha256-4wZa7NDOxbcm9pTNNcg88nvvPb9uVcWsJ+Ncil8eB1I=",
        "owner": "oxalica",
        "repo": "rust-overlay",
        "rev": "32346a8154e65fa10bac36f7b476a5294cb8b150",
        "type": "github"
      },
      "original": {
        "owner": "oxalica",
        "repo": "rust-overlay",
        "type": "github"
      }
    },
    "rust-overlay-pi": {
      "inputs": {
        "nixpkgs": [
          "nixpkgs-pi"
        ]
      },
      "locked": {
        "lastModified": 1785648791,
        "narHash": "sha256-4wZa7NDOxbcm9pTNNcg88nvvPb9uVcWsJ+Ncil8eB1I=",
        "owner": "oxalica",
        "repo": "rust-overlay",
        "rev": "32346a8154e65fa10bac36f7b476a5294cb8b150",
        "type": "github"
      },
      "original": {
        "owner": "oxalica",
        "repo": "rust-overlay",
        "type": "github"
      }
    },
    "sops-nix": {
      "inputs": {
        "nixpkgs": [
          "nixpkgs"
        ]
      },
      "locked": {
        "lastModified": 1783174389,
        "narHash": "sha256-aCWC8ngycU7OdJrU2+Je3qf+1a2ykuBvpPhZT/9tXMc=",
        "owner": "Mic92",
        "repo": "sops-nix",
        "rev": "f1406619a3884cd5c47992a70b8b35c9c0fcb4c9",
        "type": "github"
      },
      "original": {
        "owner": "Mic92",
        "repo": "sops-nix",
        "type": "github"
      }
    },
    "sops-nix-pi": {
      "inputs": {
        "nixpkgs": [
          "nixpkgs-pi"
        ]
      },
      "locked": {
        "lastModified": 1783174389,
        "narHash": "sha256-aCWC8ngycU7OdJrU2+Je3qf+1a2ykuBvpPhZT/9tXMc=",
        "owner": "Mic92",
        "repo": "sops-nix",
        "rev": "f1406619a3884cd5c47992a70b8b35c9c0fcb4c9",
        "type": "github"
      },
      "original": {
        "owner": "Mic92",
        "repo": "sops-nix",
        "type": "github"
      }
    },
    "xwayland-satellite-stable": {
      "flake": false,
      "locked": {
        "lastModified": 1755491097,
        "narHash": "sha256-m+9tUfsmBeF2Gn4HWa6vSITZ4Gz1eA1F5Kh62B0N4oE=",
        "owner": "Supreeeme",
        "repo": "xwayland-satellite",
        "rev": "388d291e82ffbc73be18169d39470f340707edaa",
        "type": "github"
      },
      "original": {
        "owner": "Supreeeme",
        "ref": "v0.7",
        "repo": "xwayland-satellite",
        "type": "github"
      }
    },
    "xwayland-satellite-stable_2": {
      "flake": false,
      "locked": {
        "lastModified": 1755491097,
        "narHash": "sha256-m+9tUfsmBeF2Gn4HWa6vSITZ4Gz1eA1F5Kh62B0N4oE=",
        "owner": "Supreeeme",
        "repo": "xwayland-satellite",
        "rev": "388d291e82ffbc73be18169d39470f340707edaa",
        "type": "github"
      },
      "original": {
        "owner": "Supreeeme",
        "ref": "v0.7",
        "repo": "xwayland-satellite",
        "type": "github"
      }
    },
    "xwayland-satellite-unstable": {
      "flake": false,
      "locked": {
        "lastModified": 1784679892,
        "narHash": "sha256-Mb7jpqnrcYCfNSItIkkHpuR3YxWFxPuIBfcwNKlRBkk=",
        "owner": "Supreeeme",
        "repo": "xwayland-satellite",
        "rev": "8d135d3b2854b30fd01ea6cd6c27e523dd50a839",
        "type": "github"
      },
      "original": {
        "owner": "Supreeeme",
        "repo": "xwayland-satellite",
        "type": "github"
      }
    },
    "xwayland-satellite-unstable_2": {
      "flake": false,
      "locked": {
        "lastModified": 1784679892,
        "narHash": "sha256-Mb7jpqnrcYCfNSItIkkHpuR3YxWFxPuIBfcwNKlRBkk=",
        "owner": "Supreeeme",
        "repo": "xwayland-satellite",
        "rev": "8d135d3b2854b30fd01ea6cd6c27e523dd50a839",
        "type": "github"
      },
      "original": {
        "owner": "Supreeeme",
        "repo": "xwayland-satellite",
        "type": "github"
      }
    }
  },
  "root": "root",
  "version": 7
}
